#MicroXplorer Configuration settings - do not modify
ADC1.Channel-IN11=ADC_CHANNEL_11
ADC1.Channel-IN8=ADC_CHANNEL_8
ADC1.ClockPrescaler=ADC_CLOCK_SYNC_PCLK_DIV4
ADC1.ContinuousConvMode=DISABLE
ADC1.EOCSelection=ADC_EOC_SEQ_CONV
ADC1.EnableInjectedConversion=ENABLE
ADC1.EnableRegularConversion=DISABLE
ADC1.ExternalTrigInjecConv=ADC_EXTERNALTRIGINJEC_T6_TRGO
ADC1.IPParameters=Channel-IN8,Channel-IN11,ClockPrescaler,ScanConvMode,ContinuousConvMode,EOCSelection,EnableRegularConversion,EnableInjectedConversion,InjNumberOfConversion,ExternalTrigInjecConv,InjectedChannel-1\#ChannelInjectedConversion,InjectedSamplingTime-1\#ChannelInjectedConversion,InjectedRank-2\#ChannelInjectedConversion,InjectedChannel-2\#ChannelInjectedConversion,InjectedSamplingTime-2\#ChannelInjectedConversion,master
ADC1.InjNumberOfConversion=2
ADC1.InjectedChannel-1\#ChannelInjectedConversion=ADC_CHANNEL_8
ADC1.InjectedChannel-2\#ChannelInjectedConversion=ADC_CHANNEL_11
ADC1.InjectedRank-2\#ChannelInjectedConversion=2
ADC1.InjectedSamplingTime-1\#ChannelInjectedConversion=ADC_SAMPLETIME_24CYCLES_5
ADC1.InjectedSamplingTime-2\#ChannelInjectedConversion=ADC_SAMPLETIME_24CYCLES_5
ADC1.ScanConvMode=ADC_SCAN_ENABLE
ADC1.master=1
Dma.MEMTOMEM.0.Direction=DMA_MEMORY_TO_MEMORY
Dma.MEMTOMEM.0.Instance=DMA1_Channel1
Dma.MEMTOMEM.0.MemDataAlignment=DMA_MDATAALIGN_WORD
Dma.MEMTOMEM.0.MemInc=DMA_MINC_ENABLE
Dma.MEMTOMEM.0.Mode=DMA_NORMAL
Dma.MEMTOMEM.0.PeriphDataAlignment=DMA_PDATAALIGN_WORD
Dma.MEMTOMEM.0.PeriphInc=DMA_PINC_ENABLE
Dma.MEMTOMEM.0.Priority=DMA_PRIORITY_HIGH
Dma.MEMTOMEM.0.RequestParameters=Instance,Direction,PeriphInc,MemInc,PeriphDataAlignment,MemDataAlignment,Mode,Priority
Dma.MEMTOMEM.1.Direction=DMA_MEMORY_TO_MEMORY
Dma.MEMTOMEM.1.Instance=DMA1_Channel2
Dma.MEMTOMEM.1.MemDataAlignment=DMA_MDATAALIGN_WORD
Dma.MEMTOMEM.1.MemInc=DMA_MINC_ENABLE
Dma.MEMTOMEM.1.Mode=DMA_NORMAL
Dma.MEMTOMEM.1.PeriphDataAlignment=DMA_PDATAALIGN_WORD
Dma.MEMTOMEM.1.PeriphInc=DMA_PINC_ENABLE
Dma.MEMTOMEM.1.Priority=DMA_PRIORITY_MEDIUM
Dma.MEMTOMEM.1.RequestParameters=Instance,Direction,PeriphInc,MemInc,PeriphDataAlignment,MemDataAlignment,Mode,Priority
Dma.MEMTOMEM.2.Direction=DMA_MEMORY_TO_MEMORY
Dma.MEMTOMEM.2.Instance=DMA2_Channel1
Dma.MEMTOMEM.2.MemDataAlignment=DMA_MDATAALIGN_WORD
Dma.MEMTOMEM.2.MemInc=DMA_MINC_ENABLE
Dma.MEMTOMEM.2.Mode=DMA_NORMAL
Dma.MEMTOMEM.2.PeriphDataAlignment=DMA_PDATAALIGN_WORD
Dma.MEMTOMEM.2.PeriphInc=DMA_PINC_DISABLE
Dma.MEMTOMEM.2.Priority=DMA_PRIORITY_MEDIUM
Dma.MEMTOMEM.2.RequestParameters=Instance,Direction,PeriphInc,MemInc,PeriphDataAlignment,MemDataAlignment,Mode,Priority
Dma.MEMTOMEM.3.Direction=DMA_MEMORY_TO_MEMORY
Dma.MEMTOMEM.3.Instance=DMA2_Channel2
Dma.MEMTOMEM.3.MemDataAlignment=DMA_MDATAALIGN_WORD
Dma.MEMTOMEM.3.MemInc=DMA_MINC_ENABLE
Dma.MEMTOMEM.3.Mode=DMA_NORMAL
Dma.MEMTOMEM.3.PeriphDataAlignment=DMA_PDATAALIGN_WORD
Dma.MEMTOMEM.3.PeriphInc=DMA_PINC_DISABLE
Dma.MEMTOMEM.3.Priority=DMA_PRIORITY_MEDIUM
Dma.MEMTOMEM.3.RequestParameters=Instance,Direction,PeriphInc,MemInc,PeriphDataAlignment,MemDataAlignment,Mode,Priority
Dma.MEMTOMEM.4.Direction=DMA_MEMORY_TO_MEMORY
Dma.MEMTOMEM.4.Instance=DMA2_Channel3
Dma.MEMTOMEM.4.MemDataAlignment=DMA_MDATAALIGN_WORD
Dma.MEMTOMEM.4.MemInc=DMA_MINC_ENABLE
Dma.MEMTOMEM.4.Mode=DMA_NORMAL
Dma.MEMTOMEM.4.PeriphDataAlignment=DMA_PDATAALIGN_WORD
Dma.MEMTOMEM.4.PeriphInc=DMA_PINC_DISABLE
Dma.MEMTOMEM.4.Priority=DMA_PRIORITY_MEDIUM
Dma.MEMTOMEM.4.RequestParameters=Instance,Direction,PeriphInc,MemInc,PeriphDataAlignment,MemDataAlignment,Mode,Priority
Dma.Request0=MEMTOMEM
Dma.Request1=MEMTOMEM
Dma.Request2=MEMTOMEM
Dma.Request3=MEMTOMEM
Dma.Request4=MEMTOMEM
Dma.RequestsNb=5
File.Version=6
KeepUserPlacement=false
Mcu.Family=STM32L4
Mcu.IP0=ADC1
Mcu.IP1=DMA
Mcu.IP2=IWDG
Mcu.IP3=NVIC
Mcu.IP4=RCC
Mcu.IP5=RTC
Mcu.IP6=SYS
Mcu.IP7=TIM1
Mcu.IP8=TIM6
Mcu.IPNb=9
Mcu.Name=STM32L432K(B-C)Ux
Mcu.Package=UFQFPN32
Mcu.Pin0=PC14-OSC32_IN (PC14)
Mcu.Pin1=PC15-OSC32_OUT (PC15)
Mcu.Pin10=PA9
Mcu.Pin11=PA10
Mcu.Pin12=PA13 (JTMS-SWDIO)
Mcu.Pin13=PA14 (JTCK-SWCLK)
Mcu.Pin14=PA15 (JTDI)
Mcu.Pin15=PB3 (JTDO-TRACESWO)
Mcu.Pin16=PB5
Mcu.Pin17=VP_IWDG_VS_IWDG
Mcu.Pin18=VP_RTC_VS_RTC_Activate
Mcu.Pin19=VP_RTC_VS_RTC_Calendar
Mcu.Pin2=PA0
Mcu.Pin20=VP_RTC_VS_RTC_Alarm_A_Intern
Mcu.Pin21=VP_SYS_VS_Systick
Mcu.Pin22=VP_TIM1_VS_ClockSourceINT
Mcu.Pin23=VP_TIM6_VS_ClockSourceINT
Mcu.Pin3=PA1
Mcu.Pin4=PA2
Mcu.Pin5=PA3
Mcu.Pin6=PA5
Mcu.Pin7=PA6
Mcu.Pin8=PA7
Mcu.Pin9=PB0
Mcu.PinsNb=24
Mcu.ThirdPartyNb=0
Mcu.UserConstants=
Mcu.UserName=STM32L432KCUx
MxCube.Version=4.26.1
MxDb.Version=DB.4.0.261
NVIC.ADC1_IRQn=true\:1\:0\:true\:false\:false\:true
NVIC.BusFault_IRQn=true\:0\:0\:false\:false\:false\:true
NVIC.DebugMonitor_IRQn=true\:0\:0\:false\:false\:false\:true
NVIC.EXTI9_5_IRQn=true\:2\:0\:true\:false\:true\:true
NVIC.HardFault_IRQn=true\:0\:0\:false\:false\:false\:true
NVIC.MemoryManagement_IRQn=true\:0\:0\:false\:false\:false\:true
NVIC.NonMaskableInt_IRQn=true\:0\:0\:false\:false\:false\:true
NVIC.PendSV_IRQn=true\:15\:0\:true\:false\:false\:true
NVIC.PriorityGroup=NVIC_PRIORITYGROUP_4
NVIC.RTC_Alarm_IRQn=true\:7\:0\:true\:false\:true\:true
NVIC.SVCall_IRQn=true\:14\:0\:true\:false\:false\:true
NVIC.SysTick_IRQn=true\:15\:0\:true\:false\:true\:true
NVIC.TIM1_BRK_TIM15_IRQn=true\:0\:0\:true\:false\:true\:true
NVIC.TIM6_DAC_IRQn=true\:6\:0\:true\:false\:true\:true
NVIC.UsageFault_IRQn=true\:0\:0\:false\:false\:false\:true
PA0.GPIOParameters=GPIO_Label
PA0.GPIO_Label=MCO [High speed clock in]
PA0.Locked=true
PA0.Mode=HSE-External-Clock-Source-for-LittleOrca
PA0.Signal=RCC_CK_IN
PA1.Locked=true
PA1.Signal=GPIO_Input
PA10.GPIOParameters=GPIO_PuPd,GPIO_Label
PA10.GPIO_Label=USB_V
PA10.GPIO_PuPd=GPIO_PULLDOWN
PA10.Locked=true
PA10.Signal=GPIO_Input
PA13\ (JTMS-SWDIO).GPIOParameters=GPIO_Label
PA13\ (JTMS-SWDIO).GPIO_Label=SWDIO
PA13\ (JTMS-SWDIO).Locked=true
PA13\ (JTMS-SWDIO).Mode=Serial_Wire
PA13\ (JTMS-SWDIO).Signal=SYS_JTMS-SWDIO
PA14\ (JTCK-SWCLK).GPIOParameters=GPIO_Label
PA14\ (JTCK-SWCLK).GPIO_Label=SWCLK
PA14\ (JTCK-SWCLK).Locked=true
PA14\ (JTCK-SWCLK).Mode=Serial_Wire
PA14\ (JTCK-SWCLK).Signal=SYS_JTCK-SWCLK
PA15\ (JTDI).GPIOParameters=GPIO_Speed,GPIO_Label
PA15\ (JTDI).GPIO_Label=U_GEN
PA15\ (JTDI).GPIO_Speed=GPIO_SPEED_FREQ_VERY_HIGH
PA15\ (JTDI).Locked=true
PA15\ (JTDI).Signal=GPIO_Output
PA2.GPIOParameters=PinState,GPIO_Label
PA2.GPIO_Label=U_gen
PA2.Locked=true
PA2.PinState=GPIO_PIN_SET
PA2.Signal=GPIO_Output
PA3.Locked=true
PA3.Signal=ADCx_IN8
PA5.Locked=true
PA5.Signal=GPIO_Input
PA6.Locked=true
PA6.Signal=ADCx_IN11
PA7.GPIOParameters=GPIO_PuPd,GPIO_Label,GPIO_ModeDefaultEXTI
PA7.GPIO_Label=LED/But
PA7.GPIO_ModeDefaultEXTI=GPIO_MODE_IT_FALLING
PA7.GPIO_PuPd=GPIO_PULLUP
PA7.Locked=true
PA7.Signal=GPXTI7
PA9.GPIOParameters=GPIO_Speed
PA9.GPIO_Speed=GPIO_SPEED_FREQ_VERY_HIGH
PA9.Locked=true
PA9.Signal=S_TIM1_CH2
PB0.GPIOParameters=GPIO_Speed
PB0.GPIO_Speed=GPIO_SPEED_FREQ_VERY_HIGH
PB0.Locked=true
PB0.Mode=PWM Generation2 CH2 CH2N
PB0.Signal=TIM1_CH2N
PB3\ (JTDO-TRACESWO).GPIOParameters=GPIO_Speed,GPIO_Label
PB3\ (JTDO-TRACESWO).GPIO_Label=LD3 [Green]
PB3\ (JTDO-TRACESWO).GPIO_Speed=GPIO_SPEED_FREQ_VERY_HIGH
PB3\ (JTDO-TRACESWO).Locked=true
PB3\ (JTDO-TRACESWO).Signal=GPIO_Output
PB5.GPIOParameters=GPIO_Label
PB5.GPIO_Label=AnalogStage
PB5.Locked=true
PB5.Signal=GPIO_Output
PC14-OSC32_IN\ (PC14).Locked=true
PC14-OSC32_IN\ (PC14).Signal=RCC_OSC32_IN
PC15-OSC32_OUT\ (PC15).Locked=true
PC15-OSC32_OUT\ (PC15).Signal=RCC_OSC32_OUT
PCC.Checker=true
PCC.Line=STM32L4x2
PCC.MCU=STM32L432K(B-C)Ux
PCC.PartNumber=STM32L432KCUx
PCC.Seq0=0
PCC.Series=STM32L4
PCC.Temperature=25
PCC.Vdd=null
PinOutPanel.RotationAngle=0
ProjectManager.AskForMigrate=true
ProjectManager.BackupPrevious=false
ProjectManager.CompilerOptimize=6
ProjectManager.ComputerToolchain=false
ProjectManager.CoupleFile=false
ProjectManager.CustomerFirmwarePackage=
ProjectManager.DefaultFWLocation=true
ProjectManager.DeletePrevious=true
ProjectManager.DeviceId=STM32L432KCUx
ProjectManager.FirmwarePackage=STM32Cube FW_L4 V1.12.0
ProjectManager.FreePins=false
ProjectManager.HalAssertFull=false
ProjectManager.HeapSize=0x200
ProjectManager.KeepUserCode=true
ProjectManager.LastFirmware=true
ProjectManager.LibraryCopy=0
ProjectManager.MainLocation=Src
ProjectManager.PreviousToolchain=
ProjectManager.ProjectBuild=false
ProjectManager.ProjectFileName=STCubeGenerated.ioc
ProjectManager.ProjectName=STCubeGenerated
ProjectManager.StackSize=0x400
ProjectManager.TargetToolchain=Makefile
ProjectManager.ToolChainLocation=
ProjectManager.UnderRoot=false
ProjectManager.functionlistsort=1-MX_GPIO_Init-GPIO-false-HAL-true,2-MX_DMA_Init-DMA-false-HAL-true,3-SystemClock_Config-RCC-false-HAL-false,4-MX_TIM1_Init-TIM1-false-HAL-true,5-MX_IWDG_Init-IWDG-false-HAL-false,6-MX_TIM6_Init-TIM6-false-HAL-true,7-MX_ADC1_Init-ADC1-false-HAL-true,8-MX_RTC_Init-RTC-true-HAL-true
RCC.ADCFreq_Value=50000000
RCC.AHBFreq_Value=75000000
RCC.APB1Freq_Value=75000000
RCC.APB1TimFreq_Value=75000000
RCC.APB2Freq_Value=75000000
RCC.APB2TimFreq_Value=75000000
RCC.CortexFreq_Value=75000000
RCC.FCLKCortexFreq_Value=75000000
RCC.FLatency=FLASH_LATENCY_4
RCC.FamilyName=M
RCC.HCLKFreq_Value=75000000
RCC.HSE_VALUE=25000000
RCC.HSI48_VALUE=48000000
RCC.HSI_VALUE=16000000
RCC.I2C1Freq_Value=75000000
RCC.I2C3Freq_Value=75000000
RCC.IPParameters=ADCFreq_Value,AHBFreq_Value,APB1Freq_Value,APB1TimFreq_Value,APB2Freq_Value,APB2TimFreq_Value,CortexFreq_Value,FCLKCortexFreq_Value,FLatency,FamilyName,HCLKFreq_Value,HSE_VALUE,HSI48_VALUE,HSI_VALUE,I2C1Freq_Value,I2C3Freq_Value,LPTIM1Freq_Value,LPTIM2Freq_Value,LPUART1Freq_Value,LSCOPinFreq_Value,LSE_VALUE,LSI_VALUE,MCO1PinFreq_Value,MSI_VALUE,PLLM,PLLN,PLLPoutputFreq_Value,PLLQoutputFreq_Value,PLLRCLKFreq_Value,PLLSAI1PoutputFreq_Value,PLLSAI1QoutputFreq_Value,PLLSAI1RoutputFreq_Value,PLLSourceVirtual,PWRFreq_Value,RNGFreq_Value,RTCClockSelection,RTCFreq_Value,SAI1Freq_Value,SWPMI1Freq_Value,SYSCLKFreq_VALUE,SYSCLKSource,USART1Freq_Value,USART2Freq_Value,USBFreq_Value,VCOInputFreq_Value,VCOOutputFreq_Value,VCOSAI1OutputFreq_Value
RCC.LPTIM1Freq_Value=75000000
RCC.LPTIM2Freq_Value=75000000
RCC.LPUART1Freq_Value=75000000
RCC.LSCOPinFreq_Value=32000
RCC.LSE_VALUE=32768
RCC.LSI_VALUE=32000
RCC.MCO1PinFreq_Value=75000000
RCC.MSI_VALUE=4000000
RCC.PLLM=2
RCC.PLLN=12
RCC.PLLPoutputFreq_Value=21428571.42857143
RCC.PLLQoutputFreq_Value=75000000
RCC.PLLRCLKFreq_Value=75000000
RCC.PLLSAI1PoutputFreq_Value=14285714.285714285
RCC.PLLSAI1QoutputFreq_Value=50000000
RCC.PLLSAI1RoutputFreq_Value=50000000
RCC.PLLSourceVirtual=RCC_PLLSOURCE_HSE
RCC.PWRFreq_Value=75000000
RCC.RNGFreq_Value=50000000
RCC.RTCClockSelection=RCC_RTCCLKSOURCE_HSE_DIV32
RCC.RTCFreq_Value=781250
RCC.SAI1Freq_Value=14285714.285714285
RCC.SWPMI1Freq_Value=75000000
RCC.SYSCLKFreq_VALUE=75000000
RCC.SYSCLKSource=RCC_SYSCLKSOURCE_PLLCLK
RCC.USART1Freq_Value=75000000
RCC.USART2Freq_Value=75000000
RCC.USBFreq_Value=50000000
RCC.VCOInputFreq_Value=12500000
RCC.VCOOutputFreq_Value=150000000
RCC.VCOSAI1OutputFreq_Value=100000000
RTC.Alarm=RTC_ALARM_A
RTC.AsynchPrediv=124
RTC.IPParameters=AsynchPrediv,SynchPrediv,StoreOperation,Alarm
RTC.StoreOperation=RTC_STOREOPERATION_SET
RTC.SynchPrediv=6249
SH.ADCx_IN11.0=ADC1_IN11,IN11-Single-Ended
SH.ADCx_IN11.ConfNb=1
SH.ADCx_IN8.0=ADC1_IN8,IN8-Single-Ended
SH.ADCx_IN8.ConfNb=1
SH.GPXTI7.0=GPIO_EXTI7
SH.GPXTI7.ConfNb=1
SH.S_TIM1_CH2.0=TIM1_CH2,PWM Generation2 CH2 CH2N
SH.S_TIM1_CH2.ConfNb=1
TIM1.Channel-PWM\ Generation2\ CH2\ CH2N=TIM_CHANNEL_2
TIM1.DeadTime=2
TIM1.IPParameters=Period,DeadTime,Pulse-PWM Generation2 CH2 CH2N,Channel-PWM Generation2 CH2 CH2N
TIM1.Period=266
TIM1.Pulse-PWM\ Generation2\ CH2\ CH2N=133
TIM6.IPParameters=Period,TIM_MasterOutputTrigger
TIM6.Period=2499
TIM6.TIM_MasterOutputTrigger=TIM_TRGO_UPDATE
VP_IWDG_VS_IWDG.Mode=IWDG_Activate
VP_IWDG_VS_IWDG.Signal=IWDG_VS_IWDG
VP_RTC_VS_RTC_Activate.Mode=RTC_Enabled
VP_RTC_VS_RTC_Activate.Signal=RTC_VS_RTC_Activate
VP_RTC_VS_RTC_Alarm_A_Intern.Mode=Alarm A
VP_RTC_VS_RTC_Alarm_A_Intern.Signal=RTC_VS_RTC_Alarm_A_Intern
VP_RTC_VS_RTC_Calendar.Mode=RTC_Calendar
VP_RTC_VS_RTC_Calendar.Signal=RTC_VS_RTC_Calendar
VP_SYS_VS_Systick.Mode=SysTick
VP_SYS_VS_Systick.Signal=SYS_VS_Systick
VP_TIM1_VS_ClockSourceINT.Mode=Internal
VP_TIM1_VS_ClockSourceINT.Signal=TIM1_VS_ClockSourceINT
VP_TIM6_VS_ClockSourceINT.Mode=Enable_Timer
VP_TIM6_VS_ClockSourceINT.Signal=TIM6_VS_ClockSourceINT
board=custom
